
Microsoft Visual Studio Solution File, Format Version 12.00
# Visual Studio Version 17
VisualStudioVersion = 17.9.34616.47
MinimumVisualStudioVersion = 10.0.40219.1
Project("{FAE04EC0-301F-11D3-BF4B-00C04F79EFBC}") = "Decorators", "Decorators.csproj", "{EC9DC529-D9A8-410F-B2F9-26BE0535F855}"
EndProject
Global
	GlobalSection(SolutionConfigurationPlatforms) = preSolution
		Debug|Any CPU = Debug|Any CPU
		Release|Any CPU = Release|Any CPU
	EndGlobalSection
	GlobalSection(ProjectConfigurationPlatforms) = postSolution
		{EC9DC529-D9A8-410F-B2F9-26BE0535F855}.Debug|Any CPU.ActiveCfg = Debug|Any CPU
		{EC9DC529-D9A8-410F-B2F9-26BE0535F855}.Debug|Any CPU.Build.0 = Debug|Any CPU
		{EC9DC529-D9A8-410F-B2F9-26BE0535F855}.Release|Any CPU.ActiveCfg = Release|Any CPU
		{EC9DC529-D9A8-410F-B2F9-26BE0535F855}.Release|Any CPU.Build.0 = Release|Any CPU
	EndGlobalSection
	GlobalSection(SolutionProperties) = preSolution
		HideSolutionNode = FALSE
	EndGlobalSection
	GlobalSection(ExtensibilityGlobals) = postSolution
		SolutionGuid = {3C1F4503-8B62-4D14-977A-4FC7BF7433B9}
	EndGlobalSection
EndGlobal
